
Microsoft Visual Studio Solution File, Format Version 11.00
# Visual Studio 2010
Project("{FAE04EC0-301F-11D3-BF4B-00C04F79EFBC}") = "BDF_CameraDeSecurité", "Assembly-CSharp-Editor-firstpass.csproj", "{11CB34F2-8078-672F-E6FC-B26497EF1236}"
EndProject
Global
	GlobalSection(SolutionConfigurationPlatforms) = preSolution
		Debug|Any CPU = Debug|Any CPU
		Release|Any CPU = Release|Any CPU
	EndGlobalSection
	GlobalSection(ProjectConfigurationPlatforms) = postSolution
		{11CB34F2-8078-672F-E6FC-B26497EF1236}.Debug|Any CPU.ActiveCfg = Debug|Any CPU
		{11CB34F2-8078-672F-E6FC-B26497EF1236}.Debug|Any CPU.Build.0 = Debug|Any CPU
		{11CB34F2-8078-672F-E6FC-B26497EF1236}.Release|Any CPU.ActiveCfg = Release|Any CPU
		{11CB34F2-8078-672F-E6FC-B26497EF1236}.Release|Any CPU.Build.0 = Release|Any CPU
	EndGlobalSection
	GlobalSection(SolutionProperties) = preSolution
		HideSolutionNode = FALSE
	EndGlobalSection
	GlobalSection(MonoDevelopProperties) = preSolution
		StartupItem = Assembly-CSharp.csproj
	EndGlobalSection
EndGlobal
